// !$*UTF8*$!
{
	archiveVersion = 1;
	classes = {
	};
	objectVersion = 55;
	objects = {

/* Begin PBXBuildFile section */
		0DBAC831281B1CA800A6438A /* AppDelegate.swift in Sources */ = {isa = PBXBuildFile; fileRef = 0DBAC830281B1CA800A6438A /* AppDelegate.swift */; };
		0DBAC833281B1CA800A6438A /* SceneDelegate.swift in Sources */ = {isa = PBXBuildFile; fileRef = 0DBAC832281B1CA800A6438A /* SceneDelegate.swift */; };
		0DBAC835281B1CA800A6438A /* ViewController.swift in Sources */ = {isa = PBXBuildFile; fileRef = 0DBAC834281B1CA800A6438A /* ViewController.swift */; };
		0DBAC83A281B1CAA00A6438A /* Assets.xcassets in Resources */ = {isa = PBXBuildFile; fileRef = 0DBAC839281B1CAA00A6438A /* Assets.xcassets */; };
		0DBAC83D281B1CAA00A6438A /* LaunchScreen.storyboard in Resources */ = {isa = PBXBuildFile; fileRef = 0DBAC83B281B1CAA00A6438A /* LaunchScreen.storyboard */; };
		0DE446F9281D3D990042ACAE /* NetworkClient.swift in Sources */ = {isa = PBXBuildFile; fileRef = 0DE446F8281D3D980042ACAE /* NetworkClient.swift */; };
		0DE446FB281D44510042ACAE /* PhotosService.swift in Sources */ = {isa = PBXBuildFile; fileRef = 0DE446FA281D44510042ACAE /* PhotosService.swift */; };
		0DE446FD281DA8550042ACAE /* EndPoint.swift in Sources */ = {isa = PBXBuildFile; fileRef = 0DE446FC281DA8550042ACAE /* EndPoint.swift */; };
		0DE44700281DAD520042ACAE /* SearchPhotosWrapper.swift in Sources */ = {isa = PBXBuildFile; fileRef = 0DE446FF281DAD520042ACAE /* SearchPhotosWrapper.swift */; };
		0DE44702281DAD720042ACAE /* ProfileImage.swift in Sources */ = {isa = PBXBuildFile; fileRef = 0DE44701281DAD720042ACAE /* ProfileImage.swift */; };
		0DE44704281DAD950042ACAE /* User.swift in Sources */ = {isa = PBXBuildFile; fileRef = 0DE44703281DAD950042ACAE /* User.swift */; };
		0DE44706281DADB10042ACAE /* Collection.swift in Sources */ = {isa = PBXBuildFile; fileRef = 0DE44705281DADB10042ACAE /* Collection.swift */; };
		0DE44708281DADC90042ACAE /* Urls.swift in Sources */ = {isa = PBXBuildFile; fileRef = 0DE44707281DADC90042ACAE /* Urls.swift */; };
		0DE4470A281DADDB0042ACAE /* Photo.swift in Sources */ = {isa = PBXBuildFile; fileRef = 0DE44709281DADDB0042ACAE /* Photo.swift */; };
		0DE4470C281DAEE60042ACAE /* SearchCollectionsWrapper.swift in Sources */ = {isa = PBXBuildFile; fileRef = 0DE4470B281DAEE60042ACAE /* SearchCollectionsWrapper.swift */; };
		0DE4470E281DB0030042ACAE /* SearchUsersWrapper.swift in Sources */ = {isa = PBXBuildFile; fileRef = 0DE4470D281DB0030042ACAE /* SearchUsersWrapper.swift */; };
		2940E4C003820972644D072B /* Pods_Unsplash.framework in Frameworks */ = {isa = PBXBuildFile; fileRef = CF48CECB9E2B810B2A0A630C /* Pods_Unsplash.framework */; };
		6D413D9C281D5D9800AB2FA0 /* FeedView.swift in Sources */ = {isa = PBXBuildFile; fileRef = 6D413D9B281D5D9800AB2FA0 /* FeedView.swift */; };
		6D413D9E281D5DB300AB2FA0 /* SearchView.swift in Sources */ = {isa = PBXBuildFile; fileRef = 6D413D9D281D5DB300AB2FA0 /* SearchView.swift */; };
		6D413DA0281D5DC400AB2FA0 /* AddView.swift in Sources */ = {isa = PBXBuildFile; fileRef = 6D413D9F281D5DC400AB2FA0 /* AddView.swift */; };
		6D413DA2281D5DD400AB2FA0 /* ProfileView.swift in Sources */ = {isa = PBXBuildFile; fileRef = 6D413DA1281D5DD400AB2FA0 /* ProfileView.swift */; };
		6D9EE340281DD72C009D7CF0 /* PhotoCell.swift in Sources */ = {isa = PBXBuildFile; fileRef = 6D9EE33F281DD72C009D7CF0 /* PhotoCell.swift */; };
		6D9EE343281DD7BB009D7CF0 /* CellConfigurator.swift in Sources */ = {isa = PBXBuildFile; fileRef = 6D9EE342281DD7BB009D7CF0 /* CellConfigurator.swift */; };
/* End PBXBuildFile section */

/* Begin PBXFileReference section */
		0DBAC82D281B1CA800A6438A /* Unsplash.app */ = {isa = PBXFileReference; explicitFileType = wrapper.application; includeInIndex = 0; path = Unsplash.app; sourceTree = BUILT_PRODUCTS_DIR; };
		0DBAC830281B1CA800A6438A /* AppDelegate.swift */ = {isa = PBXFileReference; lastKnownFileType = sourcecode.swift; path = AppDelegate.swift; sourceTree = "<group>"; };
		0DBAC832281B1CA800A6438A /* SceneDelegate.swift */ = {isa = PBXFileReference; lastKnownFileType = sourcecode.swift; path = SceneDelegate.swift; sourceTree = "<group>"; };
		0DBAC834281B1CA800A6438A /* ViewController.swift */ = {isa = PBXFileReference; lastKnownFileType = sourcecode.swift; path = ViewController.swift; sourceTree = "<group>"; };
		0DBAC839281B1CAA00A6438A /* Assets.xcassets */ = {isa = PBXFileReference; lastKnownFileType = folder.assetcatalog; path = Assets.xcassets; sourceTree = "<group>"; };
		0DBAC83C281B1CAA00A6438A /* Base */ = {isa = PBXFileReference; lastKnownFileType = file.storyboard; name = Base; path = Base.lproj/LaunchScreen.storyboard; sourceTree = "<group>"; };
		0DBAC83E281B1CAA00A6438A /* Info.plist */ = {isa = PBXFileReference; lastKnownFileType = text.plist.xml; path = Info.plist; sourceTree = "<group>"; };
		0DE446F8281D3D980042ACAE /* NetworkClient.swift */ = {isa = PBXFileReference; lastKnownFileType = sourcecode.swift; path = NetworkClient.swift; sourceTree = "<group>"; };
		0DE446FA281D44510042ACAE /* PhotosService.swift */ = {isa = PBXFileReference; lastKnownFileType = sourcecode.swift; path = PhotosService.swift; sourceTree = "<group>"; };
		0DE446FC281DA8550042ACAE /* EndPoint.swift */ = {isa = PBXFileReference; lastKnownFileType = sourcecode.swift; path = EndPoint.swift; sourceTree = "<group>"; };
		0DE446FF281DAD520042ACAE /* SearchPhotosWrapper.swift */ = {isa = PBXFileReference; lastKnownFileType = sourcecode.swift; path = SearchPhotosWrapper.swift; sourceTree = "<group>"; };
		0DE44701281DAD720042ACAE /* ProfileImage.swift */ = {isa = PBXFileReference; lastKnownFileType = sourcecode.swift; path = ProfileImage.swift; sourceTree = "<group>"; };
		0DE44703281DAD950042ACAE /* User.swift */ = {isa = PBXFileReference; lastKnownFileType = sourcecode.swift; path = User.swift; sourceTree = "<group>"; };
		0DE44705281DADB10042ACAE /* Collection.swift */ = {isa = PBXFileReference; lastKnownFileType = sourcecode.swift; path = Collection.swift; sourceTree = "<group>"; };
		0DE44707281DADC90042ACAE /* Urls.swift */ = {isa = PBXFileReference; lastKnownFileType = sourcecode.swift; path = Urls.swift; sourceTree = "<group>"; };
		0DE44709281DADDB0042ACAE /* Photo.swift */ = {isa = PBXFileReference; lastKnownFileType = sourcecode.swift; path = Photo.swift; sourceTree = "<group>"; };
		0DE4470B281DAEE60042ACAE /* SearchCollectionsWrapper.swift */ = {isa = PBXFileReference; lastKnownFileType = sourcecode.swift; path = SearchCollectionsWrapper.swift; sourceTree = "<group>"; };
		0DE4470D281DB0030042ACAE /* SearchUsersWrapper.swift */ = {isa = PBXFileReference; lastKnownFileType = sourcecode.swift; path = SearchUsersWrapper.swift; sourceTree = "<group>"; };
		6D413D9B281D5D9800AB2FA0 /* FeedView.swift */ = {isa = PBXFileReference; lastKnownFileType = sourcecode.swift; path = FeedView.swift; sourceTree = "<group>"; };
		6D413D9D281D5DB300AB2FA0 /* SearchView.swift */ = {isa = PBXFileReference; lastKnownFileType = sourcecode.swift; path = SearchView.swift; sourceTree = "<group>"; };
		6D413D9F281D5DC400AB2FA0 /* AddView.swift */ = {isa = PBXFileReference; lastKnownFileType = sourcecode.swift; path = AddView.swift; sourceTree = "<group>"; };
		6D413DA1281D5DD400AB2FA0 /* ProfileView.swift */ = {isa = PBXFileReference; lastKnownFileType = sourcecode.swift; path = ProfileView.swift; sourceTree = "<group>"; };
		6D9EE33F281DD72C009D7CF0 /* PhotoCell.swift */ = {isa = PBXFileReference; lastKnownFileType = sourcecode.swift; path = PhotoCell.swift; sourceTree = "<group>"; };
		6D9EE342281DD7BB009D7CF0 /* CellConfigurator.swift */ = {isa = PBXFileReference; lastKnownFileType = sourcecode.swift; path = CellConfigurator.swift; sourceTree = "<group>"; };
		8DD40BF5EDD304BC15A6E044 /* Pods-Unsplash.release.xcconfig */ = {isa = PBXFileReference; includeInIndex = 1; lastKnownFileType = text.xcconfig; name = "Pods-Unsplash.release.xcconfig"; path = "Target Support Files/Pods-Unsplash/Pods-Unsplash.release.xcconfig"; sourceTree = "<group>"; };
		AAA37FF9BD4EB14E420E5ACB /* Pods-Unsplash.debug.xcconfig */ = {isa = PBXFileReference; includeInIndex = 1; lastKnownFileType = text.xcconfig; name = "Pods-Unsplash.debug.xcconfig"; path = "Target Support Files/Pods-Unsplash/Pods-Unsplash.debug.xcconfig"; sourceTree = "<group>"; };
		CF48CECB9E2B810B2A0A630C /* Pods_Unsplash.framework */ = {isa = PBXFileReference; explicitFileType = wrapper.framework; includeInIndex = 0; path = Pods_Unsplash.framework; sourceTree = BUILT_PRODUCTS_DIR; };
/* End PBXFileReference section */

/* Begin PBXFrameworksBuildPhase section */
		0DBAC82A281B1CA800A6438A /* Frameworks */ = {
			isa = PBXFrameworksBuildPhase;
			buildActionMask = 2147483647;
			files = (
				2940E4C003820972644D072B /* Pods_Unsplash.framework in Frameworks */,
			);
			runOnlyForDeploymentPostprocessing = 0;
		};
/* End PBXFrameworksBuildPhase section */

/* Begin PBXGroup section */
		0DBAC824281B1CA800A6438A = {
			isa = PBXGroup;
			children = (
				0DBAC82F281B1CA800A6438A /* Unsplash */,
				0DBAC82E281B1CA800A6438A /* Products */,
				36F91A536C0E0A3E298CB577 /* Pods */,
				B716E942D6BE2BC146AC3F5D /* Frameworks */,
			);
			sourceTree = "<group>";
		};
		0DBAC82E281B1CA800A6438A /* Products */ = {
			isa = PBXGroup;
			children = (
				0DBAC82D281B1CA800A6438A /* Unsplash.app */,
			);
			name = Products;
			sourceTree = "<group>";
		};
		0DBAC82F281B1CA800A6438A /* Unsplash */ = {
			isa = PBXGroup;
			children = (
				0DE446FE281DAD260042ACAE /* Models */,
				0DBAC844281B1E3300A6438A /* ApplicationLayer */,
				0DBAC845281B1E4500A6438A /* CoreLayer */,
				0DBAC847281B1E7600A6438A /* BusinessLayer */,
				0DBAC846281B1E4C00A6438A /* PresentationLayer */,
				0DBAC839281B1CAA00A6438A /* Assets.xcassets */,
				0DBAC83B281B1CAA00A6438A /* LaunchScreen.storyboard */,
				0DBAC83E281B1CAA00A6438A /* Info.plist */,
			);
			path = Unsplash;
			sourceTree = "<group>";
		};
		0DBAC844281B1E3300A6438A /* ApplicationLayer */ = {
			isa = PBXGroup;
			children = (
				0DBAC830281B1CA800A6438A /* AppDelegate.swift */,
				0DBAC832281B1CA800A6438A /* SceneDelegate.swift */,
			);
			path = ApplicationLayer;
			sourceTree = "<group>";
		};
		0DBAC845281B1E4500A6438A /* CoreLayer */ = {
			isa = PBXGroup;
			children = (
				0DE446F8281D3D980042ACAE /* NetworkClient.swift */,
				0DE446FC281DA8550042ACAE /* EndPoint.swift */,
			);
			path = CoreLayer;
			sourceTree = "<group>";
		};
		0DBAC846281B1E4C00A6438A /* PresentationLayer */ = {
			isa = PBXGroup;
			children = (
				0DBAC834281B1CA800A6438A /* ViewController.swift */,
				6D9EE341281DD758009D7CF0 /* TabBarViews */,
				6D9EE33E281DD717009D7CF0 /* Cells */,
			);
			path = PresentationLayer;
			sourceTree = "<group>";
		};
		0DBAC847281B1E7600A6438A /* BusinessLayer */ = {
			isa = PBXGroup;
			children = (
				0DE446FA281D44510042ACAE /* PhotosService.swift */,
			);
			path = BusinessLayer;
			sourceTree = "<group>";
		};
		0DE446FE281DAD260042ACAE /* Models */ = {
			isa = PBXGroup;
			children = (
				0DE4470D281DB0030042ACAE /* SearchUsersWrapper.swift */,
				0DE4470B281DAEE60042ACAE /* SearchCollectionsWrapper.swift */,
				0DE446FF281DAD520042ACAE /* SearchPhotosWrapper.swift */,
				0DE44701281DAD720042ACAE /* ProfileImage.swift */,
				0DE44703281DAD950042ACAE /* User.swift */,
				0DE44705281DADB10042ACAE /* Collection.swift */,
				0DE44707281DADC90042ACAE /* Urls.swift */,
				0DE44709281DADDB0042ACAE /* Photo.swift */,
			);
			path = Models;
			sourceTree = "<group>";
		};
		36F91A536C0E0A3E298CB577 /* Pods */ = {
			isa = PBXGroup;
			children = (
				AAA37FF9BD4EB14E420E5ACB /* Pods-Unsplash.debug.xcconfig */,
				8DD40BF5EDD304BC15A6E044 /* Pods-Unsplash.release.xcconfig */,
			);
			path = Pods;
			sourceTree = "<group>";
		};
		6D9EE33E281DD717009D7CF0 /* Cells */ = {
			isa = PBXGroup;
			children = (
				6D9EE33F281DD72C009D7CF0 /* PhotoCell.swift */,
				6D9EE342281DD7BB009D7CF0 /* CellConfigurator.swift */,
			);
			path = Cells;
			sourceTree = "<group>";
		};
		6D9EE341281DD758009D7CF0 /* TabBarViews */ = {
			isa = PBXGroup;
			children = (
				6D413D9B281D5D9800AB2FA0 /* FeedView.swift */,
				6D413D9D281D5DB300AB2FA0 /* SearchView.swift */,
				6D413D9F281D5DC400AB2FA0 /* AddView.swift */,
				6D413DA1281D5DD400AB2FA0 /* ProfileView.swift */,
			);
			path = TabBarViews;
			sourceTree = "<group>";
		};
		B716E942D6BE2BC146AC3F5D /* Frameworks */ = {
			isa = PBXGroup;
			children = (
				CF48CECB9E2B810B2A0A630C /* Pods_Unsplash.framework */,
			);
			name = Frameworks;
			sourceTree = "<group>";
		};
/* End PBXGroup section */

/* Begin PBXNativeTarget section */
		0DBAC82C281B1CA800A6438A /* Unsplash */ = {
			isa = PBXNativeTarget;
			buildConfigurationList = 0DBAC841281B1CAA00A6438A /* Build configuration list for PBXNativeTarget "Unsplash" */;
			buildPhases = (
				003511AC5B994412DDFC9975 /* [CP] Check Pods Manifest.lock */,
				0DBAC829281B1CA800A6438A /* Sources */,
				0DBAC82A281B1CA800A6438A /* Frameworks */,
				0DBAC82B281B1CA800A6438A /* Resources */,
				63F9BB1E39F518C9A9A951B7 /* [CP] Embed Pods Frameworks */,
			);
			buildRules = (
			);
			dependencies = (
			);
			name = Unsplash;
			productName = Unsplash;
			productReference = 0DBAC82D281B1CA800A6438A /* Unsplash.app */;
			productType = "com.apple.product-type.application";
		};
/* End PBXNativeTarget section */

/* Begin PBXProject section */
		0DBAC825281B1CA800A6438A /* Project object */ = {
			isa = PBXProject;
			attributes = {
				BuildIndependentTargetsInParallel = 1;
				LastSwiftUpdateCheck = 1320;
				LastUpgradeCheck = 1320;
				TargetAttributes = {
					0DBAC82C281B1CA800A6438A = {
						CreatedOnToolsVersion = 13.2.1;
					};
				};
			};
			buildConfigurationList = 0DBAC828281B1CA800A6438A /* Build configuration list for PBXProject "Unsplash" */;
			compatibilityVersion = "Xcode 13.0";
			developmentRegion = en;
			hasScannedForEncodings = 0;
			knownRegions = (
				en,
				Base,
			);
			mainGroup = 0DBAC824281B1CA800A6438A;
			productRefGroup = 0DBAC82E281B1CA800A6438A /* Products */;
			projectDirPath = "";
			projectRoot = "";
			targets = (
				0DBAC82C281B1CA800A6438A /* Unsplash */,
			);
		};
/* End PBXProject section */

/* Begin PBXResourcesBuildPhase section */
		0DBAC82B281B1CA800A6438A /* Resources */ = {
			isa = PBXResourcesBuildPhase;
			buildActionMask = 2147483647;
			files = (
				0DBAC83D281B1CAA00A6438A /* LaunchScreen.storyboard in Resources */,
				0DBAC83A281B1CAA00A6438A /* Assets.xcassets in Resources */,
			);
			runOnlyForDeploymentPostprocessing = 0;
		};
/* End PBXResourcesBuildPhase section */

/* Begin PBXShellScriptBuildPhase section */
		003511AC5B994412DDFC9975 /* [CP] Check Pods Manifest.lock */ = {
			isa = PBXShellScriptBuildPhase;
			buildActionMask = 2147483647;
			files = (
			);
			inputFileListPaths = (
			);
			inputPaths = (
				"${PODS_PODFILE_DIR_PATH}/Podfile.lock",
				"${PODS_ROOT}/Manifest.lock",
			);
			name = "[CP] Check Pods Manifest.lock";
			outputFileListPaths = (
			);
			outputPaths = (
				"$(DERIVED_FILE_DIR)/Pods-Unsplash-checkManifestLockResult.txt",
			);
			runOnlyForDeploymentPostprocessing = 0;
			shellPath = /bin/sh;
			shellScript = "diff \"${PODS_PODFILE_DIR_PATH}/Podfile.lock\" \"${PODS_ROOT}/Manifest.lock\" > /dev/null\nif [ $? != 0 ] ; then\n    # print error to STDERR\n    echo \"error: The sandbox is not in sync with the Podfile.lock. Run 'pod install' or update your CocoaPods installation.\" >&2\n    exit 1\nfi\n# This output is used by Xcode 'outputs' to avoid re-running this script phase.\necho \"SUCCESS\" > \"${SCRIPT_OUTPUT_FILE_0}\"\n";
			showEnvVarsInLog = 0;
		};
		63F9BB1E39F518C9A9A951B7 /* [CP] Embed Pods Frameworks */ = {
			isa = PBXShellScriptBuildPhase;
			buildActionMask = 2147483647;
			files = (
			);
			inputFileListPaths = (
				"${PODS_ROOT}/Target Support Files/Pods-Unsplash/Pods-Unsplash-frameworks-${CONFIGURATION}-input-files.xcfilelist",
			);
			name = "[CP] Embed Pods Frameworks";
			outputFileListPaths = (
				"${PODS_ROOT}/Target Support Files/Pods-Unsplash/Pods-Unsplash-frameworks-${CONFIGURATION}-output-files.xcfilelist",
			);
			runOnlyForDeploymentPostprocessing = 0;
			shellPath = /bin/sh;
			shellScript = "\"${PODS_ROOT}/Target Support Files/Pods-Unsplash/Pods-Unsplash-frameworks.sh\"\n";
			showEnvVarsInLog = 0;
		};
/* End PBXShellScriptBuildPhase section */

/* Begin PBXSourcesBuildPhase section */
		0DBAC829281B1CA800A6438A /* Sources */ = {
			isa = PBXSourcesBuildPhase;
			buildActionMask = 2147483647;
			files = (
				0DE4470A281DADDB0042ACAE /* Photo.swift in Sources */,
				0DE44704281DAD950042ACAE /* User.swift in Sources */,
				0DBAC835281B1CA800A6438A /* ViewController.swift in Sources */,
				0DE44702281DAD720042ACAE /* ProfileImage.swift in Sources */,
				6D413DA2281D5DD400AB2FA0 /* ProfileView.swift in Sources */,
				0DE446FD281DA8550042ACAE /* EndPoint.swift in Sources */,
				0DE44706281DADB10042ACAE /* Collection.swift in Sources */,
				0DBAC831281B1CA800A6438A /* AppDelegate.swift in Sources */,
				6D9EE343281DD7BB009D7CF0 /* CellConfigurator.swift in Sources */,
				0DE446FB281D44510042ACAE /* PhotosService.swift in Sources */,
				6D413D9E281D5DB300AB2FA0 /* SearchView.swift in Sources */,
				0DE44708281DADC90042ACAE /* Urls.swift in Sources */,
				6D9EE340281DD72C009D7CF0 /* PhotoCell.swift in Sources */,
				6D413DA0281D5DC400AB2FA0 /* AddView.swift in Sources */,
				0DBAC833281B1CA800A6438A /* SceneDelegate.swift in Sources */,
				0DE44700281DAD520042ACAE /* SearchPhotosWrapper.swift in Sources */,
				0DE4470E281DB0030042ACAE /* SearchUsersWrapper.swift in Sources */,
				0DE4470C281DAEE60042ACAE /* SearchCollectionsWrapper.swift in Sources */,
				6D413D9C281D5D9800AB2FA0 /* FeedView.swift in Sources */,
				0DE446F9281D3D990042ACAE /* NetworkClient.swift in Sources */,
			);
			runOnlyForDeploymentPostprocessing = 0;
		};
/* End PBXSourcesBuildPhase section */

/* Begin PBXVariantGroup section */
		0DBAC83B281B1CAA00A6438A /* LaunchScreen.storyboard */ = {
			isa = PBXVariantGroup;
			children = (
				0DBAC83C281B1CAA00A6438A /* Base */,
			);
			name = LaunchScreen.storyboard;
			sourceTree = "<group>";
		};
/* End PBXVariantGroup section */

/* Begin XCBuildConfiguration section */
		0DBAC83F281B1CAA00A6438A /* Debug */ = {
			isa = XCBuildConfiguration;
			buildSettings = {
				ALWAYS_SEARCH_USER_PATHS = NO;
				CLANG_ANALYZER_NONNULL = YES;
				CLANG_ANALYZER_NUMBER_OBJECT_CONVERSION = YES_AGGRESSIVE;
				CLANG_CXX_LANGUAGE_STANDARD = "gnu++17";
				CLANG_CXX_LIBRARY = "libc++";
				CLANG_ENABLE_MODULES = YES;
				CLANG_ENABLE_OBJC_ARC = YES;
				CLANG_ENABLE_OBJC_WEAK = YES;
				CLANG_WARN_BLOCK_CAPTURE_AUTORELEASING = YES;
				CLANG_WARN_BOOL_CONVERSION = YES;
				CLANG_WARN_COMMA = YES;
				CLANG_WARN_CONSTANT_CONVERSION = YES;
				CLANG_WARN_DEPRECATED_OBJC_IMPLEMENTATIONS = YES;
				CLANG_WARN_DIRECT_OBJC_ISA_USAGE = YES_ERROR;
				CLANG_WARN_DOCUMENTATION_COMMENTS = YES;
				CLANG_WARN_EMPTY_BODY = YES;
				CLANG_WARN_ENUM_CONVERSION = YES;
				CLANG_WARN_INFINITE_RECURSION = YES;
				CLANG_WARN_INT_CONVERSION = YES;
				CLANG_WARN_NON_LITERAL_NULL_CONVERSION = YES;
				CLANG_WARN_OBJC_IMPLICIT_RETAIN_SELF = YES;
				CLANG_WARN_OBJC_LITERAL_CONVERSION = YES;
				CLANG_WARN_OBJC_ROOT_CLASS = YES_ERROR;
				CLANG_WARN_QUOTED_INCLUDE_IN_FRAMEWORK_HEADER = YES;
				CLANG_WARN_RANGE_LOOP_ANALYSIS = YES;
				CLANG_WARN_STRICT_PROTOTYPES = YES;
				CLANG_WARN_SUSPICIOUS_MOVE = YES;
				CLANG_WARN_UNGUARDED_AVAILABILITY = YES_AGGRESSIVE;
				CLANG_WARN_UNREACHABLE_CODE = YES;
				CLANG_WARN__DUPLICATE_METHOD_MATCH = YES;
				COPY_PHASE_STRIP = NO;
				DEBUG_INFORMATION_FORMAT = dwarf;
				ENABLE_STRICT_OBJC_MSGSEND = YES;
				ENABLE_TESTABILITY = YES;
				GCC_C_LANGUAGE_STANDARD = gnu11;
				GCC_DYNAMIC_NO_PIC = NO;
				GCC_NO_COMMON_BLOCKS = YES;
				GCC_OPTIMIZATION_LEVEL = 0;
				GCC_PREPROCESSOR_DEFINITIONS = (
					"DEBUG=1",
					"$(inherited)",
				);
				GCC_WARN_64_TO_32_BIT_CONVERSION = YES;
				GCC_WARN_ABOUT_RETURN_TYPE = YES_ERROR;
				GCC_WARN_UNDECLARED_SELECTOR = YES;
				GCC_WARN_UNINITIALIZED_AUTOS = YES_AGGRESSIVE;
				GCC_WARN_UNUSED_FUNCTION = YES;
				GCC_WARN_UNUSED_VARIABLE = YES;
				IPHONEOS_DEPLOYMENT_TARGET = 15.2;
				MTL_ENABLE_DEBUG_INFO = INCLUDE_SOURCE;
				MTL_FAST_MATH = YES;
				ONLY_ACTIVE_ARCH = YES;
				SDKROOT = iphoneos;
				SWIFT_ACTIVE_COMPILATION_CONDITIONS = DEBUG;
				SWIFT_OPTIMIZATION_LEVEL = "-Onone";
			};
			name = Debug;
		};
		0DBAC840281B1CAA00A6438A /* Release */ = {
			isa = XCBuildConfiguration;
			buildSettings = {
				ALWAYS_SEARCH_USER_PATHS = NO;
				CLANG_ANALYZER_NONNULL = YES;
				CLANG_ANALYZER_NUMBER_OBJECT_CONVERSION = YES_AGGRESSIVE;
				CLANG_CXX_LANGUAGE_STANDARD = "gnu++17";
				CLANG_CXX_LIBRARY = "libc++";
				CLANG_ENABLE_MODULES = YES;
				CLANG_ENABLE_OBJC_ARC = YES;
				CLANG_ENABLE_OBJC_WEAK = YES;
				CLANG_WARN_BLOCK_CAPTURE_AUTORELEASING = YES;
				CLANG_WARN_BOOL_CONVERSION = YES;
				CLANG_WARN_COMMA = YES;
				CLANG_WARN_CONSTANT_CONVERSION = YES;
				CLANG_WARN_DEPRECATED_OBJC_IMPLEMENTATIONS = YES;
				CLANG_WARN_DIRECT_OBJC_ISA_USAGE = YES_ERROR;
				CLANG_WARN_DOCUMENTATION_COMMENTS = YES;
				CLANG_WARN_EMPTY_BODY = YES;
				CLANG_WARN_ENUM_CONVERSION = YES;
				CLANG_WARN_INFINITE_RECURSION = YES;
				CLANG_WARN_INT_CONVERSION = YES;
				CLANG_WARN_NON_LITERAL_NULL_CONVERSION = YES;
				CLANG_WARN_OBJC_IMPLICIT_RETAIN_SELF = YES;
				CLANG_WARN_OBJC_LITERAL_CONVERSION = YES;
				CLANG_WARN_OBJC_ROOT_CLASS = YES_ERROR;
				CLANG_WARN_QUOTED_INCLUDE_IN_FRAMEWORK_HEADER = YES;
				CLANG_WARN_RANGE_LOOP_ANALYSIS = YES;
				CLANG_WARN_STRICT_PROTOTYPES = YES;
				CLANG_WARN_SUSPICIOUS_MOVE = YES;
				CLANG_WARN_UNGUARDED_AVAILABILITY = YES_AGGRESSIVE;
				CLANG_WARN_UNREACHABLE_CODE = YES;
				CLANG_WARN__DUPLICATE_METHOD_MATCH = YES;
				COPY_PHASE_STRIP = NO;
				DEBUG_INFORMATION_FORMAT = "dwarf-with-dsym";
				ENABLE_NS_ASSERTIONS = NO;
				ENABLE_STRICT_OBJC_MSGSEND = YES;
				GCC_C_LANGUAGE_STANDARD = gnu11;
				GCC_NO_COMMON_BLOCKS = YES;
				GCC_WARN_64_TO_32_BIT_CONVERSION = YES;
				GCC_WARN_ABOUT_RETURN_TYPE = YES_ERROR;
				GCC_WARN_UNDECLARED_SELECTOR = YES;
				GCC_WARN_UNINITIALIZED_AUTOS = YES_AGGRESSIVE;
				GCC_WARN_UNUSED_FUNCTION = YES;
				GCC_WARN_UNUSED_VARIABLE = YES;
				IPHONEOS_DEPLOYMENT_TARGET = 15.2;
				MTL_ENABLE_DEBUG_INFO = NO;
				MTL_FAST_MATH = YES;
				SDKROOT = iphoneos;
				SWIFT_COMPILATION_MODE = wholemodule;
				SWIFT_OPTIMIZATION_LEVEL = "-O";
				VALIDATE_PRODUCT = YES;
			};
			name = Release;
		};
		0DBAC842281B1CAA00A6438A /* Debug */ = {
			isa = XCBuildConfiguration;
			baseConfigurationReference = AAA37FF9BD4EB14E420E5ACB /* Pods-Unsplash.debug.xcconfig */;
			buildSettings = {
				ASSETCATALOG_COMPILER_APPICON_NAME = AppIcon;
				ASSETCATALOG_COMPILER_GLOBAL_ACCENT_COLOR_NAME = AccentColor;
				CODE_SIGN_STYLE = Automatic;
				CURRENT_PROJECT_VERSION = 1;
				GENERATE_INFOPLIST_FILE = YES;
				INFOPLIST_FILE = Unsplash/Info.plist;
				INFOPLIST_KEY_UIApplicationSupportsIndirectInputEvents = YES;
				INFOPLIST_KEY_UILaunchStoryboardName = LaunchScreen;
				INFOPLIST_KEY_UISupportedInterfaceOrientations = UIInterfaceOrientationPortrait;
				INFOPLIST_KEY_UISupportedInterfaceOrientations_iPad = "UIInterfaceOrientationPortrait UIInterfaceOrientationPortraitUpsideDown UIInterfaceOrientationLandscapeLeft UIInterfaceOrientationLandscapeRight";
				INFOPLIST_KEY_UISupportedInterfaceOrientations_iPhone = "UIInterfaceOrientationPortrait UIInterfaceOrientationLandscapeLeft UIInterfaceOrientationLandscapeRight";
				IPHONEOS_DEPLOYMENT_TARGET = 15.0;
				LD_RUNPATH_SEARCH_PATHS = (
					"$(inherited)",
					"@executable_path/Frameworks",
				);
				MARKETING_VERSION = 1.0;
				PRODUCT_BUNDLE_IDENTIFIER = OneLab.GroupProject.Unsplash;
				PRODUCT_NAME = "$(TARGET_NAME)";
				SWIFT_EMIT_LOC_STRINGS = YES;
				SWIFT_VERSION = 5.0;
				TARGETED_DEVICE_FAMILY = 1;
			};
			name = Debug;
		};
		0DBAC843281B1CAA00A6438A /* Release */ = {
			isa = XCBuildConfiguration;
			baseConfigurationReference = 8DD40BF5EDD304BC15A6E044 /* Pods-Unsplash.release.xcconfig */;
			buildSettings = {
				ASSETCATALOG_COMPILER_APPICON_NAME = AppIcon;
				ASSETCATALOG_COMPILER_GLOBAL_ACCENT_COLOR_NAME = AccentColor;
				CODE_SIGN_STYLE = Automatic;
				CURRENT_PROJECT_VERSION = 1;
				GENERATE_INFOPLIST_FILE = YES;
				INFOPLIST_FILE = Unsplash/Info.plist;
				INFOPLIST_KEY_UIApplicationSupportsIndirectInputEvents = YES;
				INFOPLIST_KEY_UILaunchStoryboardName = LaunchScreen;
				INFOPLIST_KEY_UISupportedInterfaceOrientations = UIInterfaceOrientationPortrait;
				INFOPLIST_KEY_UISupportedInterfaceOrientations_iPad = "UIInterfaceOrientationPortrait UIInterfaceOrientationPortraitUpsideDown UIInterfaceOrientationLandscapeLeft UIInterfaceOrientationLandscapeRight";
				INFOPLIST_KEY_UISupportedInterfaceOrientations_iPhone = "UIInterfaceOrientationPortrait UIInterfaceOrientationLandscapeLeft UIInterfaceOrientationLandscapeRight";
				IPHONEOS_DEPLOYMENT_TARGET = 15.0;
				LD_RUNPATH_SEARCH_PATHS = (
					"$(inherited)",
					"@executable_path/Frameworks",
				);
				MARKETING_VERSION = 1.0;
				PRODUCT_BUNDLE_IDENTIFIER = OneLab.GroupProject.Unsplash;
				PRODUCT_NAME = "$(TARGET_NAME)";
				SWIFT_EMIT_LOC_STRINGS = YES;
				SWIFT_VERSION = 5.0;
				TARGETED_DEVICE_FAMILY = 1;
			};
			name = Release;
		};
/* End XCBuildConfiguration section */

/* Begin XCConfigurationList section */
		0DBAC828281B1CA800A6438A /* Build configuration list for PBXProject "Unsplash" */ = {
			isa = XCConfigurationList;
			buildConfigurations = (
				0DBAC83F281B1CAA00A6438A /* Debug */,
				0DBAC840281B1CAA00A6438A /* Release */,
			);
			defaultConfigurationIsVisible = 0;
			defaultConfigurationName = Release;
		};
		0DBAC841281B1CAA00A6438A /* Build configuration list for PBXNativeTarget "Unsplash" */ = {
			isa = XCConfigurationList;
			buildConfigurations = (
				0DBAC842281B1CAA00A6438A /* Debug */,
				0DBAC843281B1CAA00A6438A /* Release */,
			);
			defaultConfigurationIsVisible = 0;
			defaultConfigurationName = Release;
		};
/* End XCConfigurationList section */
	};
	rootObject = 0DBAC825281B1CA800A6438A /* Project object */;
}
